
Microsoft Visual Studio Solution File, Format Version 12.00
# Visual Studio 15
VisualStudioVersion = 15.0.28307.329
MinimumVisualStudioVersion = 10.0.40219.1
Project("{FAE04EC0-301F-11D3-BF4B-00C04F79EFBC}") = "UI.WinForm", "UI.WinForm\UI.WinForm.csproj", "{3E3C8DFD-E9FF-4C76-BDBF-129F0D3B97F4}"
EndProject
Project("{FAE04EC0-301F-11D3-BF4B-00C04F79EFBC}") = "Entity", "Entity\Entity.csproj", "{294364C0-F963-41AB-B363-FB1884E4B917}"
EndProject
Project("{FAE04EC0-301F-11D3-BF4B-00C04F79EFBC}") = "DAL", "DAL\DAL.csproj", "{E8DBE595-2966-41C9-BB09-9F4DDA560781}"
EndProject
Project("{FAE04EC0-301F-11D3-BF4B-00C04F79EFBC}") = "BLL", "BLL\BLL.csproj", "{E5058448-6424-425B-A730-C491A3ADE139}"
EndProject
Global
	GlobalSection(SolutionConfigurationPlatforms) = preSolution
		Debug|Any CPU = Debug|Any CPU
		Release|Any CPU = Release|Any CPU
	EndGlobalSection
	GlobalSection(ProjectConfigurationPlatforms) = postSolution
		{3E3C8DFD-E9FF-4C76-BDBF-129F0D3B97F4}.Debug|Any CPU.ActiveCfg = Debug|Any CPU
		{3E3C8DFD-E9FF-4C76-BDBF-129F0D3B97F4}.Debug|Any CPU.Build.0 = Debug|Any CPU
		{3E3C8DFD-E9FF-4C76-BDBF-129F0D3B97F4}.Release|Any CPU.ActiveCfg = Release|Any CPU
		{3E3C8DFD-E9FF-4C76-BDBF-129F0D3B97F4}.Release|Any CPU.Build.0 = Release|Any CPU
		{294364C0-F963-41AB-B363-FB1884E4B917}.Debug|Any CPU.ActiveCfg = Debug|Any CPU
		{294364C0-F963-41AB-B363-FB1884E4B917}.Debug|Any CPU.Build.0 = Debug|Any CPU
		{294364C0-F963-41AB-B363-FB1884E4B917}.Release|Any CPU.ActiveCfg = Release|Any CPU
		{294364C0-F963-41AB-B363-FB1884E4B917}.Release|Any CPU.Build.0 = Release|Any CPU
		{E8DBE595-2966-41C9-BB09-9F4DDA560781}.Debug|Any CPU.ActiveCfg = Debug|Any CPU
		{E8DBE595-2966-41C9-BB09-9F4DDA560781}.Debug|Any CPU.Build.0 = Debug|Any CPU
		{E8DBE595-2966-41C9-BB09-9F4DDA560781}.Release|Any CPU.ActiveCfg = Release|Any CPU
		{E8DBE595-2966-41C9-BB09-9F4DDA560781}.Release|Any CPU.Build.0 = Release|Any CPU
		{E5058448-6424-425B-A730-C491A3ADE139}.Debug|Any CPU.ActiveCfg = Debug|Any CPU
		{E5058448-6424-425B-A730-C491A3ADE139}.Debug|Any CPU.Build.0 = Debug|Any CPU
		{E5058448-6424-425B-A730-C491A3ADE139}.Release|Any CPU.ActiveCfg = Release|Any CPU
		{E5058448-6424-425B-A730-C491A3ADE139}.Release|Any CPU.Build.0 = Release|Any CPU
	EndGlobalSection
	GlobalSection(SolutionProperties) = preSolution
		HideSolutionNode = FALSE
	EndGlobalSection
	GlobalSection(ExtensibilityGlobals) = postSolution
		SolutionGuid = {DD60FBFE-E206-43F7-B713-233C8603A04F}
	EndGlobalSection
EndGlobal
